
Microsoft Visual Studio Solution File, Format Version 12.00
# Visual Studio 15
Project("{FAE04EC0-301F-11D3-BF4B-00C04F79EFBC}") = "Assembly-CSharp", "Assembly-CSharp.csproj", "{CFDE7331-4D9E-09C7-871D-862E7E7B028D}"
EndProject
Global
	GlobalSection(SolutionConfigurationPlatforms) = preSolution
		Debug|Any CPU = Debug|Any CPU
		Release|Any CPU = Release|Any CPU
	EndGlobalSection
	GlobalSection(ProjectConfigurationPlatforms) = postSolution
		{CFDE7331-4D9E-09C7-871D-862E7E7B028D}.Debug|Any CPU.ActiveCfg = Debug|Any CPU
		{CFDE7331-4D9E-09C7-871D-862E7E7B028D}.Debug|Any CPU.Build.0 = Debug|Any CPU
		{CFDE7331-4D9E-09C7-871D-862E7E7B028D}.Release|Any CPU.ActiveCfg = Release|Any CPU
		{CFDE7331-4D9E-09C7-871D-862E7E7B028D}.Release|Any CPU.Build.0 = Release|Any CPU
	EndGlobalSection
	GlobalSection(SolutionProperties) = preSolution
		HideSolutionNode = FALSE
	EndGlobalSection
EndGlobal
